
Microsoft Visual Studio Solution File, Format Version 12.00
# Visual Studio Version 17
VisualStudioVersion = 17.4.33403.182
MinimumVisualStudioVersion = 10.0.40219.1
Project("{FAE04EC0-301F-11D3-BF4B-00C04F79EFBC}") = "OpenDocs.AspNetCore", "OpenDocs.AspNetCore.csproj", "{7B90BE64-2219-4E17-97EC-D828E730429E}"
EndProject
Global
	GlobalSection(SolutionConfigurationPlatforms) = preSolution
		Debug|Any CPU = Debug|Any CPU
		Release|Any CPU = Release|Any CPU
	EndGlobalSection
	GlobalSection(ProjectConfigurationPlatforms) = postSolution
		{7B90BE64-2219-4E17-97EC-D828E730429E}.Debug|Any CPU.ActiveCfg = Debug|Any CPU
		{7B90BE64-2219-4E17-97EC-D828E730429E}.Debug|Any CPU.Build.0 = Debug|Any CPU
		{7B90BE64-2219-4E17-97EC-D828E730429E}.Release|Any CPU.ActiveCfg = Release|Any CPU
		{7B90BE64-2219-4E17-97EC-D828E730429E}.Release|Any CPU.Build.0 = Release|Any CPU
	EndGlobalSection
	GlobalSection(SolutionProperties) = preSolution
		HideSolutionNode = FALSE
	EndGlobalSection
	GlobalSection(ExtensibilityGlobals) = postSolution
		SolutionGuid = {E0BE5C2B-2A34-4FB0-B758-27E9D5DD691D}
	EndGlobalSection
EndGlobal
